{
  "lockfileVersion": 1,
  "workspaces": {
    "": {
      "name": "state",
      "dependencies": {
        "@3-/cfmail": "^0.1.1",
        "@3-/pg": "^0.1.8",
        "@3-/time": "^0.1.14",
        "@8v/honobind": "^0.1.3",
        "@8v/honotoken": "^0.1.2",
        "@8v/send": "^0.1.17",
        "@8v/toli": "^0.1.2",
        "hono": "^4.7.4",
        "postgres": "^3.4.5",
      },
    },
  },
  "packages": {
    "@3-/cfmail": ["@3-/cfmail@0.1.1", "", {}, "sha512-xzXCnPi4/2/LrSPeE38CRlH7OnudDaFHBPVFL4d2jmacMzZs2l8W5HukvqfXq9aJuXOENefJiRBLNtFOXUI4CA=="],

    "@3-/pg": ["@3-/pg@0.1.8", "", { "dependencies": { "ansis": "^3.12.0", "prexit": "^2.3.0" }, "peerDependencies": { "@3-/write": "^0.0.1", "postgres": "^3.4.4" } }, "sha512-x2ZdgZCtCuIvuQUzjuIRDWQ86a7CMZmitO4K91H/Kd2s7Bl8phMNos7Fx+dfT1FUmdHpvwkMtJn+QqvI3VLnnA=="],

    "@3-/time": ["@3-/time@0.1.14", "", {}, "sha512-ryFRRLEoQBK34ikDc02FHDcA3FJF081ZAmxmS0d/Y+mJQRIS8sTiRz0Ebne8czl/PuXMGCgXbubv8fcPmGkjMw=="],

    "@3-/write": ["@3-/write@0.0.1", "", {}, "sha512-EvXAzDdmAynZyNJyMD5l90RfKhxYglJMJ5tXx3rj9VCUrFNhZnlRTIOJrteMtgtFsfTLf2hUrbh7TtPBnjgpLg=="],

    "@8v/curl": ["@8v/curl@0.1.7", "", {}, "sha512-JmS4lp5BqHFQe23zWG+NP72gQClmFaBj8mnjoheAU60hK9AIRdtD6B19wX78vhHgaBPySt6FO5wc/84/WGY9Bg=="],

    "@8v/honobind": ["@8v/honobind@0.1.3", "", { "dependencies": { "@8v/honofn": "^0.1.4" } }, "sha512-wDIpG9cxlQN7FA8ewTZkiS55NoG7bm52DSNOa7LiO3CrZdGm3yyg/Xuwbbce3MpwsYxLifD2mJ4pCa9XConf6g=="],

    "@8v/honofn": ["@8v/honofn@0.1.4", "", {}, "sha512-w2v5/AY6t1ieXlCffOanvZz+bRILhG6WkxzX7mrY9wr8YQnj9X200HlcTjEFWiEOZ78W3KgT+3IDoUjZ/IM8bA=="],

    "@8v/honotoken": ["@8v/honotoken@0.1.2", "", {}, "sha512-ja7Sl845wJR87gXHbWHFOi1eM88THSD43hqo/wojKgVtwW5KB/B8AI5MaBjJmh19okEw8x8du55iQLnArqrjTg=="],

    "@8v/lark": ["@8v/lark@0.1.5", "", { "dependencies": { "@8v/curl": "^0.1.6" } }, "sha512-BP9ONQPKK1L+Y01bIPwgo/sq3avkz2M9kq9NSyDrQ6npZDVxM5uWEts4Bt3I65+0IMnVrQE4bYYx9hnTlJw3wA=="],

    "@8v/send": ["@8v/send@0.1.17", "", { "dependencies": { "@8v/lark": "^0.1.5", "@8v/wxpush": "^0.1.3" } }, "sha512-kLm7DdFj0Xbjv7GRG7f90BI/UFDflRPvLpDTaIRZB6YVXspT2aVVD3ZcL2Ge3xiU400h+EcnMpr0PcaNqd4rDg=="],

    "@8v/toli": ["@8v/toli@0.1.2", "", {}, "sha512-WQ4HWSB70VfePflfi/JBM8sQByCBItIQ9Q6kmEPeEZi58BaOzch4omNwwZV5qsoWRbUipDHsTPGSpfixhjRWlQ=="],

    "@8v/wxpush": ["@8v/wxpush@0.1.3", "", { "dependencies": { "@8v/curl": "^0.1.6" } }, "sha512-574gm9rhEgUYE0GbI3AeRyUAryv+dv5pU9sNm0hlIoZvjlb7F1ap3Bow0294ZNtetqNuhS2N+oLdXa162EpktA=="],

    "ansis": ["ansis@3.17.0", "", {}, "sha512-0qWUglt9JEqLFr3w1I1pbrChn1grhaiAR2ocX1PP/flRmxgtwTzPFFFnfIlD6aMOLQZgSuCRlidD70lvx8yhzg=="],

    "hono": ["hono@4.7.4", "", {}, "sha512-Pst8FuGqz3L7tFF+u9Pu70eI0xa5S3LPUmrNd5Jm8nTHze9FxLTK9Kaj5g/k4UcwuJSXTP65SyHOPLrffpcAJg=="],

    "postgres": ["postgres@3.4.5", "", {}, "sha512-cDWgoah1Gez9rN3H4165peY9qfpEo+SA61oQv65O3cRUE1pOEoJWwddwcqKE8XZYjbblOJlYDlLV4h67HrEVDg=="],

    "prexit": ["prexit@2.3.0", "", {}, "sha512-mX+LIbtS0anKtl2PykYabxninwloblUQMRO6CubeSmjxb+kKlATuJoH9UeN8NLE4TgIEFWfBXw7V3GkWbBrSmg=="],
  }
}
