{
  "lockfileVersion": 1,
  "workspaces": {
    "": {
      "name": "watch-state",
      "dependencies": {
        "@3-/pg": "^0.1.8",
        "postgres": "^3.4.5",
      },
    },
  },
  "packages": {
    "@3-/pg": ["@3-/pg@0.1.8", "", { "dependencies": { "ansis": "^3.12.0", "prexit": "^2.3.0" }, "peerDependencies": { "@3-/write": "^0.0.1", "postgres": "^3.4.4" } }, "sha512-x2ZdgZCtCuIvuQUzjuIRDWQ86a7CMZmitO4K91H/Kd2s7Bl8phMNos7Fx+dfT1FUmdHpvwkMtJn+QqvI3VLnnA=="],

    "@3-/write": ["@3-/write@0.0.1", "", {}, "sha512-EvXAzDdmAynZyNJyMD5l90RfKhxYglJMJ5tXx3rj9VCUrFNhZnlRTIOJrteMtgtFsfTLf2hUrbh7TtPBnjgpLg=="],

    "ansis": ["ansis@3.12.0", "", {}, "sha512-SxhlInpMkv9QCyI2yHyrhVrTF8dH93M/S86DT5f9brFgr92uJLOCg0RNmtx3YKWKcRmNAaU+gyUfHMdUiqxvFw=="],

    "postgres": ["postgres@3.4.5", "", {}, "sha512-cDWgoah1Gez9rN3H4165peY9qfpEo+SA61oQv65O3cRUE1pOEoJWwddwcqKE8XZYjbblOJlYDlLV4h67HrEVDg=="],

    "prexit": ["prexit@2.3.0", "", {}, "sha512-mX+LIbtS0anKtl2PykYabxninwloblUQMRO6CubeSmjxb+kKlATuJoH9UeN8NLE4TgIEFWfBXw7V3GkWbBrSmg=="],
  }
}
