{
  "version": "4",
  "specifiers": {
    "jsr:@8v/cron@~0.1.1": "0.1.1",
    "jsr:@8v/curl@~0.1.6": "0.1.6",
    "jsr:@8v/heartbeat@~0.1.35": "0.1.35",
    "jsr:@8v/hsec@~0.1.2": "0.1.2",
    "jsr:@8v/kind-name@~0.1.2": "0.1.2",
    "jsr:@8v/mysql@~0.1.11": "0.1.11",
    "jsr:@8v/notify@~0.1.3": "0.1.3",
    "jsr:@8v/pg@~0.1.3": "0.1.3",
    "jsr:@8v/raise@~0.1.4": "0.1.4",
    "jsr:@8v/retry@~0.1.4": "0.1.4",
    "jsr:@8v/yml@~0.1.3": "0.1.3",
    "jsr:@std/yaml@^1.0.5": "1.0.5",
    "jsr:@y0/postgres@^3.4.5": "3.4.5",
    "npm:@3-/sleep@^0.0.4": "0.0.4",
    "npm:ansis@^3.12.0": "3.15.0",
    "npm:mysql2@^3.12.0": "3.12.0"
  },
  "jsr": {
    "@8v/cron@0.1.1": {
      "integrity": "efb595ec068fafe1094345e2b59be3e71740c0426b1fb9c8b79089dc51efe3f3"
    },
    "@8v/curl@0.1.6": {
      "integrity": "3a468cbdfb4b0898506012e90ebce7e1c0e7fd39eb09b07ee886dfa2a2f884a5"
    },
    "@8v/heartbeat@0.1.35": {
      "integrity": "0e044f8a680755700d28a7caaa14ad5190d67b2939d11ea9a3ff5e8de62ca5e1",
      "dependencies": [
        "jsr:@8v/hsec",
        "jsr:@8v/kind-name",
        "jsr:@8v/notify",
        "jsr:@8v/pg"
      ]
    },
    "@8v/hsec@0.1.2": {
      "integrity": "29649526b7f22d1cfedb3f3ebd23653ebb0695299296b0681b61792028ae27ee"
    },
    "@8v/kind-name@0.1.2": {
      "integrity": "d84d4e2123bb02c5d4e3892d323b561b33765ba5804683a5a4c32fd1ec7374a1"
    },
    "@8v/mysql@0.1.11": {
      "integrity": "ae41d9abd395b4854fa8ce9da26172963ce561897a65831f901c4f88f0e3c720",
      "dependencies": [
        "npm:mysql2"
      ]
    },
    "@8v/notify@0.1.3": {
      "integrity": "8095f470e4bddacd1b142043ef09465f0298b42925775be29fb0797eface3ec7",
      "dependencies": [
        "jsr:@8v/curl"
      ]
    },
    "@8v/pg@0.1.3": {
      "integrity": "260e538204996423fb346ddf553abc13d07f14f50b81f864df71f495e983b1c9",
      "dependencies": [
        "jsr:@y0/postgres",
        "npm:ansis"
      ]
    },
    "@8v/raise@0.1.4": {
      "integrity": "fe4605293c4c16c3eb4f816b7025eac43c8a0c4045c2404f4e3f34edb109b1e3",
      "dependencies": [
        "jsr:@8v/yml"
      ]
    },
    "@8v/retry@0.1.4": {
      "integrity": "2aa62a299dc58f09e8f92eec330bec6a6a6dca77daf714e2ed00a8736545e0b4",
      "dependencies": [
        "npm:@3-/sleep"
      ]
    },
    "@8v/yml@0.1.3": {
      "integrity": "aa56000e45ceeba8d04fb10a3317e6d745fe7f024100d397fc13d171ce6a6c4d",
      "dependencies": [
        "jsr:@std/yaml"
      ]
    },
    "@std/yaml@1.0.5": {
      "integrity": "71ba3d334305ee2149391931508b2c293a8490f94a337eef3a09cade1a2a2742"
    },
    "@y0/postgres@3.4.5": {
      "integrity": "f492bde63a811acc0caac0c9294a329472a8b38834660287ffac20a29f02774b"
    }
  },
  "npm": {
    "@3-/sleep@0.0.4": {
      "integrity": "sha512-hxWtyS7EX7efFJyJeMfEZ/csPIklA4EtYFSRKOy29E7RyPOHxRhopYlgmiPs8K4X7XrODj2P3NTJsuhGKlDYPQ=="
    },
    "ansis@3.15.0": {
      "integrity": "sha512-zIcWDJ+Kwqxfdnogx66Gxzr0kVmCcRAdat9nlY2IHsshqTN4fBH6tMeRMPA/2w0rpBayIJvjQAaa2/4RDrNqwg=="
    },
    "aws-ssl-profiles@1.1.2": {
      "integrity": "sha512-NZKeq9AfyQvEeNlN0zSYAaWrmBffJh3IELMZfRpJVWgrpEbtEpnjvzqBPf+mxoI287JohRDoa+/nsfqqiZmF6g=="
    },
    "denque@2.1.0": {
      "integrity": "sha512-HVQE3AAb/pxF8fQAoiqpvg9i3evqug3hoiwakOyZAwJm+6vZehbkYXZ0l4JxS+I3QxM97v5aaRNhj8v5oBhekw=="
    },
    "generate-function@2.3.1": {
      "integrity": "sha512-eeB5GfMNeevm/GRYq20ShmsaGcmI81kIX2K9XQx5miC8KdHaC6Jm0qQ8ZNeGOi7wYB8OsdxKs+Y2oVuTFuVwKQ==",
      "dependencies": [
        "is-property"
      ]
    },
    "iconv-lite@0.6.3": {
      "integrity": "sha512-4fCk79wshMdzMp2rH06qWrJE4iolqLhCUH+OiuIgU++RB0+94NlDL81atO7GX55uUKueo0txHNtvEyI6D7WdMw==",
      "dependencies": [
        "safer-buffer"
      ]
    },
    "is-property@1.0.2": {
      "integrity": "sha512-Ks/IoX00TtClbGQr4TWXemAnktAQvYB7HzcCxDGqEZU6oCmb2INHuOoKxbtR+HFkmYWBKv/dOZtGRiAjDhj92g=="
    },
    "long@5.3.0": {
      "integrity": "sha512-5vvY5yF1zF/kXk+L94FRiTDa1Znom46UjPCH6/XbSvS8zBKMFBHTJk8KDMqJ+2J6QezQFi7k1k8v21ClJYHPaw=="
    },
    "lru-cache@7.18.3": {
      "integrity": "sha512-jumlc0BIUrS3qJGgIkWZsyfAM7NCWiBcCDhnd+3NNM5KbBmLTgHVfWBcg6W+rLUsIpzpERPsvwUP7CckAQSOoA=="
    },
    "lru.min@1.1.1": {
      "integrity": "sha512-FbAj6lXil6t8z4z3j0E5mfRlPzxkySotzUHwRXjlpRh10vc6AI6WN62ehZj82VG7M20rqogJ0GLwar2Xa05a8Q=="
    },
    "mysql2@3.12.0": {
      "integrity": "sha512-C8fWhVysZoH63tJbX8d10IAoYCyXy4fdRFz2Ihrt9jtPILYynFEKUUzpp1U7qxzDc3tMbotvaBH+sl6bFnGZiw==",
      "dependencies": [
        "aws-ssl-profiles",
        "denque",
        "generate-function",
        "iconv-lite",
        "long",
        "lru.min",
        "named-placeholders",
        "seq-queue",
        "sqlstring"
      ]
    },
    "named-placeholders@1.1.3": {
      "integrity": "sha512-eLoBxg6wE/rZkJPhU/xRX1WTpkFEwDJEN96oxFrTsqBdbT5ec295Q+CoHrL9IT0DipqKhmGcaZmwOt8OON5x1w==",
      "dependencies": [
        "lru-cache"
      ]
    },
    "safer-buffer@2.1.2": {
      "integrity": "sha512-YZo3K82SD7Riyi0E1EQPojLz7kpepnSQI9IyPbHHg1XXXevb5dJI7tpyN2ADxGcQbHG7vcyRHk0cbwqcQriUtg=="
    },
    "seq-queue@0.0.5": {
      "integrity": "sha512-hr3Wtp/GZIc/6DAGPDcV4/9WoZhjrkXsi5B/07QgX8tsdc6ilr7BFM6PM6rbdAX1kFSDYeZGLipIZZKyQP0O5Q=="
    },
    "sqlstring@2.3.3": {
      "integrity": "sha512-qC9iz2FlN7DQl3+wjwn3802RTyjCx7sDvfQEXchwa6CWOx07/WVfh91gBmQ9fahw8snwGEWU3xGzOt4tFyHLxg=="
    }
  },
  "workspace": {
    "dependencies": [
      "jsr:@8v/cron@~0.1.1",
      "jsr:@8v/heartbeat@~0.1.35",
      "jsr:@8v/mysql@~0.1.11",
      "jsr:@8v/raise@~0.1.4",
      "jsr:@8v/retry@~0.1.4"
    ]
  }
}
